
Microsoft Visual Studio Solution File, Format Version 12.00
# Visual Studio Version 16
VisualStudioVersion = 16.0.31702.278
MinimumVisualStudioVersion = 10.0.40219.1
Project("{FAE04EC0-301F-11D3-BF4B-00C04F79EFBC}") = "Task04", "Task04\Task04.csproj", "{0DE66969-492E-47D8-AE6A-0459EA1E584A}"
EndProject
Project("{2150E333-8FDC-42A3-9474-1A3956D46DE8}") = "Task02", "Task02", "{9D79060C-23D0-4FBB-9D80-FF1664C01E7F}"
EndProject
Project("{2150E333-8FDC-42A3-9474-1A3956D46DE8}") = "Task03", "Task03", "{22D5CE33-6DE7-479F-B491-9485371E53DE}"
EndProject
Project("{2150E333-8FDC-42A3-9474-1A3956D46DE8}") = "UP11", "UP11", "{B2E33B1F-62E6-4F1B-BC82-6FA94593BCD7}"
EndProject
Project("{2150E333-8FDC-42A3-9474-1A3956D46DE8}") = "UP13", "UP13", "{DB38FD8C-EC93-48BE-89ED-B9EFC2945228}"
EndProject
Project("{2150E333-8FDC-42A3-9474-1A3956D46DE8}") = "UP08", "UP08", "{03763A55-4330-4A36-B70E-692539ED3379}"
EndProject
Project("{2150E333-8FDC-42A3-9474-1A3956D46DE8}") = "UP09", "UP09", "{24B21857-5743-4559-9478-CFF5E4B2DB80}"
EndProject
Project("{2150E333-8FDC-42A3-9474-1A3956D46DE8}") = "WeatherPanel", "WeatherPanel", "{D1BDED8F-71FE-41FE-83EC-F02C5369B1C5}"
EndProject
Project("{FAE04EC0-301F-11D3-BF4B-00C04F79EFBC}") = "UP11_01", "UP11_01\UP11_01.csproj", "{2979EF40-7877-457E-8CC4-C5FDF9A4A99F}"
EndProject
Project("{FAE04EC0-301F-11D3-BF4B-00C04F79EFBC}") = "UP13_01", "UP13_01\UP13_01.csproj", "{04BE0BD8-17B1-4D81-889A-F4E3B571FB2D}"
EndProject
Project("{FAE04EC0-301F-11D3-BF4B-00C04F79EFBC}") = "UP08_01", "UP08_01\UP08_01.csproj", "{DBD037D1-9616-4998-A65A-701F2CA78032}"
EndProject
Project("{FAE04EC0-301F-11D3-BF4B-00C04F79EFBC}") = "UP08_02", "UP08_02\UP08_02.csproj", "{7E898021-43B2-407F-915A-39A838E840B0}"
EndProject
Project("{FAE04EC0-301F-11D3-BF4B-00C04F79EFBC}") = "UP08_03", "UP08_03\UP08_03.csproj", "{31AAEAA9-3727-40FC-8883-57E9E55B2416}"
EndProject
Project("{FAE04EC0-301F-11D3-BF4B-00C04F79EFBC}") = "UP08_04", "UP08_04\UP08_04.csproj", "{FCBCE2DA-D2B6-4623-90A9-7A2C595FE22A}"
EndProject
Project("{FAE04EC0-301F-11D3-BF4B-00C04F79EFBC}") = "UP09_01", "UP09_01\UP09_01.csproj", "{D4FD617A-38BB-43E4-AEBD-4C69AD8940BD}"
EndProject
Project("{FAE04EC0-301F-11D3-BF4B-00C04F79EFBC}") = "UP09_02", "UP09_02\UP09_02.csproj", "{8FE9C057-21CF-4F20-8421-097CEE59BB01}"
EndProject
Project("{FAE04EC0-301F-11D3-BF4B-00C04F79EFBC}") = "UP09_03", "UP09_03\UP09_03.csproj", "{BAD15233-9452-403F-B6BB-E4ADF78A6CC4}"
EndProject
Project("{FAE04EC0-301F-11D3-BF4B-00C04F79EFBC}") = "WeatherPanel", "WeatherPanel\WeatherPanel.csproj", "{CE1920E5-6536-4ECF-BA58-EAFBE1A80782}"
EndProject
Global
	GlobalSection(SolutionConfigurationPlatforms) = preSolution
		Debug|ARM = Debug|ARM
		Debug|ARM64 = Debug|ARM64
		Debug|x64 = Debug|x64
		Debug|x86 = Debug|x86
		Release|ARM = Release|ARM
		Release|ARM64 = Release|ARM64
		Release|x64 = Release|x64
		Release|x86 = Release|x86
	EndGlobalSection
	GlobalSection(ProjectConfigurationPlatforms) = postSolution
		{0DE66969-492E-47D8-AE6A-0459EA1E584A}.Debug|ARM.ActiveCfg = Debug|ARM
		{0DE66969-492E-47D8-AE6A-0459EA1E584A}.Debug|ARM.Build.0 = Debug|ARM
		{0DE66969-492E-47D8-AE6A-0459EA1E584A}.Debug|ARM.Deploy.0 = Debug|ARM
		{0DE66969-492E-47D8-AE6A-0459EA1E584A}.Debug|ARM64.ActiveCfg = Debug|ARM64
		{0DE66969-492E-47D8-AE6A-0459EA1E584A}.Debug|ARM64.Build.0 = Debug|ARM64
		{0DE66969-492E-47D8-AE6A-0459EA1E584A}.Debug|ARM64.Deploy.0 = Debug|ARM64
		{0DE66969-492E-47D8-AE6A-0459EA1E584A}.Debug|x64.ActiveCfg = Debug|x64
		{0DE66969-492E-47D8-AE6A-0459EA1E584A}.Debug|x64.Build.0 = Debug|x64
		{0DE66969-492E-47D8-AE6A-0459EA1E584A}.Debug|x64.Deploy.0 = Debug|x64
		{0DE66969-492E-47D8-AE6A-0459EA1E584A}.Debug|x86.ActiveCfg = Debug|x86
		{0DE66969-492E-47D8-AE6A-0459EA1E584A}.Debug|x86.Build.0 = Debug|x86
		{0DE66969-492E-47D8-AE6A-0459EA1E584A}.Debug|x86.Deploy.0 = Debug|x86
		{0DE66969-492E-47D8-AE6A-0459EA1E584A}.Release|ARM.ActiveCfg = Release|ARM
		{0DE66969-492E-47D8-AE6A-0459EA1E584A}.Release|ARM.Build.0 = Release|ARM
		{0DE66969-492E-47D8-AE6A-0459EA1E584A}.Release|ARM.Deploy.0 = Release|ARM
		{0DE66969-492E-47D8-AE6A-0459EA1E584A}.Release|ARM64.ActiveCfg = Release|ARM64
		{0DE66969-492E-47D8-AE6A-0459EA1E584A}.Release|ARM64.Build.0 = Release|ARM64
		{0DE66969-492E-47D8-AE6A-0459EA1E584A}.Release|ARM64.Deploy.0 = Release|ARM64
		{0DE66969-492E-47D8-AE6A-0459EA1E584A}.Release|x64.ActiveCfg = Release|x64
		{0DE66969-492E-47D8-AE6A-0459EA1E584A}.Release|x64.Build.0 = Release|x64
		{0DE66969-492E-47D8-AE6A-0459EA1E584A}.Release|x64.Deploy.0 = Release|x64
		{0DE66969-492E-47D8-AE6A-0459EA1E584A}.Release|x86.ActiveCfg = Release|x86
		{0DE66969-492E-47D8-AE6A-0459EA1E584A}.Release|x86.Build.0 = Release|x86
		{0DE66969-492E-47D8-AE6A-0459EA1E584A}.Release|x86.Deploy.0 = Release|x86
		{2979EF40-7877-457E-8CC4-C5FDF9A4A99F}.Debug|ARM.ActiveCfg = Debug|ARM
		{2979EF40-7877-457E-8CC4-C5FDF9A4A99F}.Debug|ARM.Build.0 = Debug|ARM
		{2979EF40-7877-457E-8CC4-C5FDF9A4A99F}.Debug|ARM.Deploy.0 = Debug|ARM
		{2979EF40-7877-457E-8CC4-C5FDF9A4A99F}.Debug|ARM64.ActiveCfg = Debug|ARM64
		{2979EF40-7877-457E-8CC4-C5FDF9A4A99F}.Debug|ARM64.Build.0 = Debug|ARM64
		{2979EF40-7877-457E-8CC4-C5FDF9A4A99F}.Debug|ARM64.Deploy.0 = Debug|ARM64
		{2979EF40-7877-457E-8CC4-C5FDF9A4A99F}.Debug|x64.ActiveCfg = Debug|x64
		{2979EF40-7877-457E-8CC4-C5FDF9A4A99F}.Debug|x64.Build.0 = Debug|x64
		{2979EF40-7877-457E-8CC4-C5FDF9A4A99F}.Debug|x64.Deploy.0 = Debug|x64
		{2979EF40-7877-457E-8CC4-C5FDF9A4A99F}.Debug|x86.ActiveCfg = Debug|x86
		{2979EF40-7877-457E-8CC4-C5FDF9A4A99F}.Debug|x86.Build.0 = Debug|x86
		{2979EF40-7877-457E-8CC4-C5FDF9A4A99F}.Debug|x86.Deploy.0 = Debug|x86
		{2979EF40-7877-457E-8CC4-C5FDF9A4A99F}.Release|ARM.ActiveCfg = Release|ARM
		{2979EF40-7877-457E-8CC4-C5FDF9A4A99F}.Release|ARM.Build.0 = Release|ARM
		{2979EF40-7877-457E-8CC4-C5FDF9A4A99F}.Release|ARM.Deploy.0 = Release|ARM
		{2979EF40-7877-457E-8CC4-C5FDF9A4A99F}.Release|ARM64.ActiveCfg = Release|ARM64
		{2979EF40-7877-457E-8CC4-C5FDF9A4A99F}.Release|ARM64.Build.0 = Release|ARM64
		{2979EF40-7877-457E-8CC4-C5FDF9A4A99F}.Release|ARM64.Deploy.0 = Release|ARM64
		{2979EF40-7877-457E-8CC4-C5FDF9A4A99F}.Release|x64.ActiveCfg = Release|x64
		{2979EF40-7877-457E-8CC4-C5FDF9A4A99F}.Release|x64.Build.0 = Release|x64
		{2979EF40-7877-457E-8CC4-C5FDF9A4A99F}.Release|x64.Deploy.0 = Release|x64
		{2979EF40-7877-457E-8CC4-C5FDF9A4A99F}.Release|x86.ActiveCfg = Release|x86
		{2979EF40-7877-457E-8CC4-C5FDF9A4A99F}.Release|x86.Build.0 = Release|x86
		{2979EF40-7877-457E-8CC4-C5FDF9A4A99F}.Release|x86.Deploy.0 = Release|x86
		{04BE0BD8-17B1-4D81-889A-F4E3B571FB2D}.Debug|ARM.ActiveCfg = Debug|ARM
		{04BE0BD8-17B1-4D81-889A-F4E3B571FB2D}.Debug|ARM.Build.0 = Debug|ARM
		{04BE0BD8-17B1-4D81-889A-F4E3B571FB2D}.Debug|ARM.Deploy.0 = Debug|ARM
		{04BE0BD8-17B1-4D81-889A-F4E3B571FB2D}.Debug|ARM64.ActiveCfg = Debug|ARM64
		{04BE0BD8-17B1-4D81-889A-F4E3B571FB2D}.Debug|ARM64.Build.0 = Debug|ARM64
		{04BE0BD8-17B1-4D81-889A-F4E3B571FB2D}.Debug|ARM64.Deploy.0 = Debug|ARM64
		{04BE0BD8-17B1-4D81-889A-F4E3B571FB2D}.Debug|x64.ActiveCfg = Debug|x64
		{04BE0BD8-17B1-4D81-889A-F4E3B571FB2D}.Debug|x64.Build.0 = Debug|x64
		{04BE0BD8-17B1-4D81-889A-F4E3B571FB2D}.Debug|x64.Deploy.0 = Debug|x64
		{04BE0BD8-17B1-4D81-889A-F4E3B571FB2D}.Debug|x86.ActiveCfg = Debug|x86
		{04BE0BD8-17B1-4D81-889A-F4E3B571FB2D}.Debug|x86.Build.0 = Debug|x86
		{04BE0BD8-17B1-4D81-889A-F4E3B571FB2D}.Debug|x86.Deploy.0 = Debug|x86
		{04BE0BD8-17B1-4D81-889A-F4E3B571FB2D}.Release|ARM.ActiveCfg = Release|ARM
		{04BE0BD8-17B1-4D81-889A-F4E3B571FB2D}.Release|ARM.Build.0 = Release|ARM
		{04BE0BD8-17B1-4D81-889A-F4E3B571FB2D}.Release|ARM.Deploy.0 = Release|ARM
		{04BE0BD8-17B1-4D81-889A-F4E3B571FB2D}.Release|ARM64.ActiveCfg = Release|ARM64
		{04BE0BD8-17B1-4D81-889A-F4E3B571FB2D}.Release|ARM64.Build.0 = Release|ARM64
		{04BE0BD8-17B1-4D81-889A-F4E3B571FB2D}.Release|ARM64.Deploy.0 = Release|ARM64
		{04BE0BD8-17B1-4D81-889A-F4E3B571FB2D}.Release|x64.ActiveCfg = Release|x64
		{04BE0BD8-17B1-4D81-889A-F4E3B571FB2D}.Release|x64.Build.0 = Release|x64
		{04BE0BD8-17B1-4D81-889A-F4E3B571FB2D}.Release|x64.Deploy.0 = Release|x64
		{04BE0BD8-17B1-4D81-889A-F4E3B571FB2D}.Release|x86.ActiveCfg = Release|x86
		{04BE0BD8-17B1-4D81-889A-F4E3B571FB2D}.Release|x86.Build.0 = Release|x86
		{04BE0BD8-17B1-4D81-889A-F4E3B571FB2D}.Release|x86.Deploy.0 = Release|x86
		{DBD037D1-9616-4998-A65A-701F2CA78032}.Debug|ARM.ActiveCfg = Debug|ARM
		{DBD037D1-9616-4998-A65A-701F2CA78032}.Debug|ARM.Build.0 = Debug|ARM
		{DBD037D1-9616-4998-A65A-701F2CA78032}.Debug|ARM.Deploy.0 = Debug|ARM
		{DBD037D1-9616-4998-A65A-701F2CA78032}.Debug|ARM64.ActiveCfg = Debug|ARM64
		{DBD037D1-9616-4998-A65A-701F2CA78032}.Debug|ARM64.Build.0 = Debug|ARM64
		{DBD037D1-9616-4998-A65A-701F2CA78032}.Debug|ARM64.Deploy.0 = Debug|ARM64
		{DBD037D1-9616-4998-A65A-701F2CA78032}.Debug|x64.ActiveCfg = Debug|x64
		{DBD037D1-9616-4998-A65A-701F2CA78032}.Debug|x64.Build.0 = Debug|x64
		{DBD037D1-9616-4998-A65A-701F2CA78032}.Debug|x64.Deploy.0 = Debug|x64
		{DBD037D1-9616-4998-A65A-701F2CA78032}.Debug|x86.ActiveCfg = Debug|x86
		{DBD037D1-9616-4998-A65A-701F2CA78032}.Debug|x86.Build.0 = Debug|x86
		{DBD037D1-9616-4998-A65A-701F2CA78032}.Debug|x86.Deploy.0 = Debug|x86
		{DBD037D1-9616-4998-A65A-701F2CA78032}.Release|ARM.ActiveCfg = Release|ARM
		{DBD037D1-9616-4998-A65A-701F2CA78032}.Release|ARM.Build.0 = Release|ARM
		{DBD037D1-9616-4998-A65A-701F2CA78032}.Release|ARM.Deploy.0 = Release|ARM
		{DBD037D1-9616-4998-A65A-701F2CA78032}.Release|ARM64.ActiveCfg = Release|ARM64
		{DBD037D1-9616-4998-A65A-701F2CA78032}.Release|ARM64.Build.0 = Release|ARM64
		{DBD037D1-9616-4998-A65A-701F2CA78032}.Release|ARM64.Deploy.0 = Release|ARM64
		{DBD037D1-9616-4998-A65A-701F2CA78032}.Release|x64.ActiveCfg = Release|x64
		{DBD037D1-9616-4998-A65A-701F2CA78032}.Release|x64.Build.0 = Release|x64
		{DBD037D1-9616-4998-A65A-701F2CA78032}.Release|x64.Deploy.0 = Release|x64
		{DBD037D1-9616-4998-A65A-701F2CA78032}.Release|x86.ActiveCfg = Release|x86
		{DBD037D1-9616-4998-A65A-701F2CA78032}.Release|x86.Build.0 = Release|x86
		{DBD037D1-9616-4998-A65A-701F2CA78032}.Release|x86.Deploy.0 = Release|x86
		{7E898021-43B2-407F-915A-39A838E840B0}.Debug|ARM.ActiveCfg = Debug|ARM
		{7E898021-43B2-407F-915A-39A838E840B0}.Debug|ARM.Build.0 = Debug|ARM
		{7E898021-43B2-407F-915A-39A838E840B0}.Debug|ARM.Deploy.0 = Debug|ARM
		{7E898021-43B2-407F-915A-39A838E840B0}.Debug|ARM64.ActiveCfg = Debug|ARM64
		{7E898021-43B2-407F-915A-39A838E840B0}.Debug|ARM64.Build.0 = Debug|ARM64
		{7E898021-43B2-407F-915A-39A838E840B0}.Debug|ARM64.Deploy.0 = Debug|ARM64
		{7E898021-43B2-407F-915A-39A838E840B0}.Debug|x64.ActiveCfg = Debug|x64
		{7E898021-43B2-407F-915A-39A838E840B0}.Debug|x64.Build.0 = Debug|x64
		{7E898021-43B2-407F-915A-39A838E840B0}.Debug|x64.Deploy.0 = Debug|x64
		{7E898021-43B2-407F-915A-39A838E840B0}.Debug|x86.ActiveCfg = Debug|x86
		{7E898021-43B2-407F-915A-39A838E840B0}.Debug|x86.Build.0 = Debug|x86
		{7E898021-43B2-407F-915A-39A838E840B0}.Debug|x86.Deploy.0 = Debug|x86
		{7E898021-43B2-407F-915A-39A838E840B0}.Release|ARM.ActiveCfg = Release|ARM
		{7E898021-43B2-407F-915A-39A838E840B0}.Release|ARM.Build.0 = Release|ARM
		{7E898021-43B2-407F-915A-39A838E840B0}.Release|ARM.Deploy.0 = Release|ARM
		{7E898021-43B2-407F-915A-39A838E840B0}.Release|ARM64.ActiveCfg = Release|ARM64
		{7E898021-43B2-407F-915A-39A838E840B0}.Release|ARM64.Build.0 = Release|ARM64
		{7E898021-43B2-407F-915A-39A838E840B0}.Release|ARM64.Deploy.0 = Release|ARM64
		{7E898021-43B2-407F-915A-39A838E840B0}.Release|x64.ActiveCfg = Release|x64
		{7E898021-43B2-407F-915A-39A838E840B0}.Release|x64.Build.0 = Release|x64
		{7E898021-43B2-407F-915A-39A838E840B0}.Release|x64.Deploy.0 = Release|x64
		{7E898021-43B2-407F-915A-39A838E840B0}.Release|x86.ActiveCfg = Release|x86
		{7E898021-43B2-407F-915A-39A838E840B0}.Release|x86.Build.0 = Release|x86
		{7E898021-43B2-407F-915A-39A838E840B0}.Release|x86.Deploy.0 = Release|x86
		{31AAEAA9-3727-40FC-8883-57E9E55B2416}.Debug|ARM.ActiveCfg = Debug|ARM
		{31AAEAA9-3727-40FC-8883-57E9E55B2416}.Debug|ARM.Build.0 = Debug|ARM
		{31AAEAA9-3727-40FC-8883-57E9E55B2416}.Debug|ARM.Deploy.0 = Debug|ARM
		{31AAEAA9-3727-40FC-8883-57E9E55B2416}.Debug|ARM64.ActiveCfg = Debug|ARM64
		{31AAEAA9-3727-40FC-8883-57E9E55B2416}.Debug|ARM64.Build.0 = Debug|ARM64
		{31AAEAA9-3727-40FC-8883-57E9E55B2416}.Debug|ARM64.Deploy.0 = Debug|ARM64
		{31AAEAA9-3727-40FC-8883-57E9E55B2416}.Debug|x64.ActiveCfg = Debug|x64
		{31AAEAA9-3727-40FC-8883-57E9E55B2416}.Debug|x64.Build.0 = Debug|x64
		{31AAEAA9-3727-40FC-8883-57E9E55B2416}.Debug|x64.Deploy.0 = Debug|x64
		{31AAEAA9-3727-40FC-8883-57E9E55B2416}.Debug|x86.ActiveCfg = Debug|x86
		{31AAEAA9-3727-40FC-8883-57E9E55B2416}.Debug|x86.Build.0 = Debug|x86
		{31AAEAA9-3727-40FC-8883-57E9E55B2416}.Debug|x86.Deploy.0 = Debug|x86
		{31AAEAA9-3727-40FC-8883-57E9E55B2416}.Release|ARM.ActiveCfg = Release|ARM
		{31AAEAA9-3727-40FC-8883-57E9E55B2416}.Release|ARM.Build.0 = Release|ARM
		{31AAEAA9-3727-40FC-8883-57E9E55B2416}.Release|ARM.Deploy.0 = Release|ARM
		{31AAEAA9-3727-40FC-8883-57E9E55B2416}.Release|ARM64.ActiveCfg = Release|ARM64
		{31AAEAA9-3727-40FC-8883-57E9E55B2416}.Release|ARM64.Build.0 = Release|ARM64
		{31AAEAA9-3727-40FC-8883-57E9E55B2416}.Release|ARM64.Deploy.0 = Release|ARM64
		{31AAEAA9-3727-40FC-8883-57E9E55B2416}.Release|x64.ActiveCfg = Release|x64
		{31AAEAA9-3727-40FC-8883-57E9E55B2416}.Release|x64.Build.0 = Release|x64
		{31AAEAA9-3727-40FC-8883-57E9E55B2416}.Release|x64.Deploy.0 = Release|x64
		{31AAEAA9-3727-40FC-8883-57E9E55B2416}.Release|x86.ActiveCfg = Release|x86
		{31AAEAA9-3727-40FC-8883-57E9E55B2416}.Release|x86.Build.0 = Release|x86
		{31AAEAA9-3727-40FC-8883-57E9E55B2416}.Release|x86.Deploy.0 = Release|x86
		{FCBCE2DA-D2B6-4623-90A9-7A2C595FE22A}.Debug|ARM.ActiveCfg = Debug|ARM
		{FCBCE2DA-D2B6-4623-90A9-7A2C595FE22A}.Debug|ARM.Build.0 = Debug|ARM
		{FCBCE2DA-D2B6-4623-90A9-7A2C595FE22A}.Debug|ARM.Deploy.0 = Debug|ARM
		{FCBCE2DA-D2B6-4623-90A9-7A2C595FE22A}.Debug|ARM64.ActiveCfg = Debug|ARM64
		{FCBCE2DA-D2B6-4623-90A9-7A2C595FE22A}.Debug|ARM64.Build.0 = Debug|ARM64
		{FCBCE2DA-D2B6-4623-90A9-7A2C595FE22A}.Debug|ARM64.Deploy.0 = Debug|ARM64
		{FCBCE2DA-D2B6-4623-90A9-7A2C595FE22A}.Debug|x64.ActiveCfg = Debug|x64
		{FCBCE2DA-D2B6-4623-90A9-7A2C595FE22A}.Debug|x64.Build.0 = Debug|x64
		{FCBCE2DA-D2B6-4623-90A9-7A2C595FE22A}.Debug|x64.Deploy.0 = Debug|x64
		{FCBCE2DA-D2B6-4623-90A9-7A2C595FE22A}.Debug|x86.ActiveCfg = Debug|x86
		{FCBCE2DA-D2B6-4623-90A9-7A2C595FE22A}.Debug|x86.Build.0 = Debug|x86
		{FCBCE2DA-D2B6-4623-90A9-7A2C595FE22A}.Debug|x86.Deploy.0 = Debug|x86
		{FCBCE2DA-D2B6-4623-90A9-7A2C595FE22A}.Release|ARM.ActiveCfg = Release|ARM
		{FCBCE2DA-D2B6-4623-90A9-7A2C595FE22A}.Release|ARM.Build.0 = Release|ARM
		{FCBCE2DA-D2B6-4623-90A9-7A2C595FE22A}.Release|ARM.Deploy.0 = Release|ARM
		{FCBCE2DA-D2B6-4623-90A9-7A2C595FE22A}.Release|ARM64.ActiveCfg = Release|ARM64
		{FCBCE2DA-D2B6-4623-90A9-7A2C595FE22A}.Release|ARM64.Build.0 = Release|ARM64
		{FCBCE2DA-D2B6-4623-90A9-7A2C595FE22A}.Release|ARM64.Deploy.0 = Release|ARM64
		{FCBCE2DA-D2B6-4623-90A9-7A2C595FE22A}.Release|x64.ActiveCfg = Release|x64
		{FCBCE2DA-D2B6-4623-90A9-7A2C595FE22A}.Release|x64.Build.0 = Release|x64
		{FCBCE2DA-D2B6-4623-90A9-7A2C595FE22A}.Release|x64.Deploy.0 = Release|x64
		{FCBCE2DA-D2B6-4623-90A9-7A2C595FE22A}.Release|x86.ActiveCfg = Release|x86
		{FCBCE2DA-D2B6-4623-90A9-7A2C595FE22A}.Release|x86.Build.0 = Release|x86
		{FCBCE2DA-D2B6-4623-90A9-7A2C595FE22A}.Release|x86.Deploy.0 = Release|x86
		{D4FD617A-38BB-43E4-AEBD-4C69AD8940BD}.Debug|ARM.ActiveCfg = Debug|ARM
		{D4FD617A-38BB-43E4-AEBD-4C69AD8940BD}.Debug|ARM.Build.0 = Debug|ARM
		{D4FD617A-38BB-43E4-AEBD-4C69AD8940BD}.Debug|ARM.Deploy.0 = Debug|ARM
		{D4FD617A-38BB-43E4-AEBD-4C69AD8940BD}.Debug|ARM64.ActiveCfg = Debug|ARM64
		{D4FD617A-38BB-43E4-AEBD-4C69AD8940BD}.Debug|ARM64.Build.0 = Debug|ARM64
		{D4FD617A-38BB-43E4-AEBD-4C69AD8940BD}.Debug|ARM64.Deploy.0 = Debug|ARM64
		{D4FD617A-38BB-43E4-AEBD-4C69AD8940BD}.Debug|x64.ActiveCfg = Debug|x64
		{D4FD617A-38BB-43E4-AEBD-4C69AD8940BD}.Debug|x64.Build.0 = Debug|x64
		{D4FD617A-38BB-43E4-AEBD-4C69AD8940BD}.Debug|x64.Deploy.0 = Debug|x64
		{D4FD617A-38BB-43E4-AEBD-4C69AD8940BD}.Debug|x86.ActiveCfg = Debug|x86
		{D4FD617A-38BB-43E4-AEBD-4C69AD8940BD}.Debug|x86.Build.0 = Debug|x86
		{D4FD617A-38BB-43E4-AEBD-4C69AD8940BD}.Debug|x86.Deploy.0 = Debug|x86
		{D4FD617A-38BB-43E4-AEBD-4C69AD8940BD}.Release|ARM.ActiveCfg = Release|ARM
		{D4FD617A-38BB-43E4-AEBD-4C69AD8940BD}.Release|ARM.Build.0 = Release|ARM
		{D4FD617A-38BB-43E4-AEBD-4C69AD8940BD}.Release|ARM.Deploy.0 = Release|ARM
		{D4FD617A-38BB-43E4-AEBD-4C69AD8940BD}.Release|ARM64.ActiveCfg = Release|ARM64
		{D4FD617A-38BB-43E4-AEBD-4C69AD8940BD}.Release|ARM64.Build.0 = Release|ARM64
		{D4FD617A-38BB-43E4-AEBD-4C69AD8940BD}.Release|ARM64.Deploy.0 = Release|ARM64
		{D4FD617A-38BB-43E4-AEBD-4C69AD8940BD}.Release|x64.ActiveCfg = Release|x64
		{D4FD617A-38BB-43E4-AEBD-4C69AD8940BD}.Release|x64.Build.0 = Release|x64
		{D4FD617A-38BB-43E4-AEBD-4C69AD8940BD}.Release|x64.Deploy.0 = Release|x64
		{D4FD617A-38BB-43E4-AEBD-4C69AD8940BD}.Release|x86.ActiveCfg = Release|x86
		{D4FD617A-38BB-43E4-AEBD-4C69AD8940BD}.Release|x86.Build.0 = Release|x86
		{D4FD617A-38BB-43E4-AEBD-4C69AD8940BD}.Release|x86.Deploy.0 = Release|x86
		{8FE9C057-21CF-4F20-8421-097CEE59BB01}.Debug|ARM.ActiveCfg = Debug|ARM
		{8FE9C057-21CF-4F20-8421-097CEE59BB01}.Debug|ARM.Build.0 = Debug|ARM
		{8FE9C057-21CF-4F20-8421-097CEE59BB01}.Debug|ARM.Deploy.0 = Debug|ARM
		{8FE9C057-21CF-4F20-8421-097CEE59BB01}.Debug|ARM64.ActiveCfg = Debug|ARM64
		{8FE9C057-21CF-4F20-8421-097CEE59BB01}.Debug|ARM64.Build.0 = Debug|ARM64
		{8FE9C057-21CF-4F20-8421-097CEE59BB01}.Debug|ARM64.Deploy.0 = Debug|ARM64
		{8FE9C057-21CF-4F20-8421-097CEE59BB01}.Debug|x64.ActiveCfg = Debug|x64
		{8FE9C057-21CF-4F20-8421-097CEE59BB01}.Debug|x64.Build.0 = Debug|x64
		{8FE9C057-21CF-4F20-8421-097CEE59BB01}.Debug|x64.Deploy.0 = Debug|x64
		{8FE9C057-21CF-4F20-8421-097CEE59BB01}.Debug|x86.ActiveCfg = Debug|x86
		{8FE9C057-21CF-4F20-8421-097CEE59BB01}.Debug|x86.Build.0 = Debug|x86
		{8FE9C057-21CF-4F20-8421-097CEE59BB01}.Debug|x86.Deploy.0 = Debug|x86
		{8FE9C057-21CF-4F20-8421-097CEE59BB01}.Release|ARM.ActiveCfg = Release|ARM
		{8FE9C057-21CF-4F20-8421-097CEE59BB01}.Release|ARM.Build.0 = Release|ARM
		{8FE9C057-21CF-4F20-8421-097CEE59BB01}.Release|ARM.Deploy.0 = Release|ARM
		{8FE9C057-21CF-4F20-8421-097CEE59BB01}.Release|ARM64.ActiveCfg = Release|ARM64
		{8FE9C057-21CF-4F20-8421-097CEE59BB01}.Release|ARM64.Build.0 = Release|ARM64
		{8FE9C057-21CF-4F20-8421-097CEE59BB01}.Release|ARM64.Deploy.0 = Release|ARM64
		{8FE9C057-21CF-4F20-8421-097CEE59BB01}.Release|x64.ActiveCfg = Release|x64
		{8FE9C057-21CF-4F20-8421-097CEE59BB01}.Release|x64.Build.0 = Release|x64
		{8FE9C057-21CF-4F20-8421-097CEE59BB01}.Release|x64.Deploy.0 = Release|x64
		{8FE9C057-21CF-4F20-8421-097CEE59BB01}.Release|x86.ActiveCfg = Release|x86
		{8FE9C057-21CF-4F20-8421-097CEE59BB01}.Release|x86.Build.0 = Release|x86
		{8FE9C057-21CF-4F20-8421-097CEE59BB01}.Release|x86.Deploy.0 = Release|x86
		{BAD15233-9452-403F-B6BB-E4ADF78A6CC4}.Debug|ARM.ActiveCfg = Debug|ARM
		{BAD15233-9452-403F-B6BB-E4ADF78A6CC4}.Debug|ARM.Build.0 = Debug|ARM
		{BAD15233-9452-403F-B6BB-E4ADF78A6CC4}.Debug|ARM.Deploy.0 = Debug|ARM
		{BAD15233-9452-403F-B6BB-E4ADF78A6CC4}.Debug|ARM64.ActiveCfg = Debug|ARM64
		{BAD15233-9452-403F-B6BB-E4ADF78A6CC4}.Debug|ARM64.Build.0 = Debug|ARM64
		{BAD15233-9452-403F-B6BB-E4ADF78A6CC4}.Debug|ARM64.Deploy.0 = Debug|ARM64
		{BAD15233-9452-403F-B6BB-E4ADF78A6CC4}.Debug|x64.ActiveCfg = Debug|x64
		{BAD15233-9452-403F-B6BB-E4ADF78A6CC4}.Debug|x64.Build.0 = Debug|x64
		{BAD15233-9452-403F-B6BB-E4ADF78A6CC4}.Debug|x64.Deploy.0 = Debug|x64
		{BAD15233-9452-403F-B6BB-E4ADF78A6CC4}.Debug|x86.ActiveCfg = Debug|x86
		{BAD15233-9452-403F-B6BB-E4ADF78A6CC4}.Debug|x86.Build.0 = Debug|x86
		{BAD15233-9452-403F-B6BB-E4ADF78A6CC4}.Debug|x86.Deploy.0 = Debug|x86
		{BAD15233-9452-403F-B6BB-E4ADF78A6CC4}.Release|ARM.ActiveCfg = Release|ARM
		{BAD15233-9452-403F-B6BB-E4ADF78A6CC4}.Release|ARM.Build.0 = Release|ARM
		{BAD15233-9452-403F-B6BB-E4ADF78A6CC4}.Release|ARM.Deploy.0 = Release|ARM
		{BAD15233-9452-403F-B6BB-E4ADF78A6CC4}.Release|ARM64.ActiveCfg = Release|ARM64
		{BAD15233-9452-403F-B6BB-E4ADF78A6CC4}.Release|ARM64.Build.0 = Release|ARM64
		{BAD15233-9452-403F-B6BB-E4ADF78A6CC4}.Release|ARM64.Deploy.0 = Release|ARM64
		{BAD15233-9452-403F-B6BB-E4ADF78A6CC4}.Release|x64.ActiveCfg = Release|x64
		{BAD15233-9452-403F-B6BB-E4ADF78A6CC4}.Release|x64.Build.0 = Release|x64
		{BAD15233-9452-403F-B6BB-E4ADF78A6CC4}.Release|x64.Deploy.0 = Release|x64
		{BAD15233-9452-403F-B6BB-E4ADF78A6CC4}.Release|x86.ActiveCfg = Release|x86
		{BAD15233-9452-403F-B6BB-E4ADF78A6CC4}.Release|x86.Build.0 = Release|x86
		{BAD15233-9452-403F-B6BB-E4ADF78A6CC4}.Release|x86.Deploy.0 = Release|x86
		{CE1920E5-6536-4ECF-BA58-EAFBE1A80782}.Debug|ARM.ActiveCfg = Debug|ARM
		{CE1920E5-6536-4ECF-BA58-EAFBE1A80782}.Debug|ARM.Build.0 = Debug|ARM
		{CE1920E5-6536-4ECF-BA58-EAFBE1A80782}.Debug|ARM.Deploy.0 = Debug|ARM
		{CE1920E5-6536-4ECF-BA58-EAFBE1A80782}.Debug|ARM64.ActiveCfg = Debug|ARM64
		{CE1920E5-6536-4ECF-BA58-EAFBE1A80782}.Debug|ARM64.Build.0 = Debug|ARM64
		{CE1920E5-6536-4ECF-BA58-EAFBE1A80782}.Debug|ARM64.Deploy.0 = Debug|ARM64
		{CE1920E5-6536-4ECF-BA58-EAFBE1A80782}.Debug|x64.ActiveCfg = Debug|x64
		{CE1920E5-6536-4ECF-BA58-EAFBE1A80782}.Debug|x64.Build.0 = Debug|x64
		{CE1920E5-6536-4ECF-BA58-EAFBE1A80782}.Debug|x64.Deploy.0 = Debug|x64
		{CE1920E5-6536-4ECF-BA58-EAFBE1A80782}.Debug|x86.ActiveCfg = Debug|x86
		{CE1920E5-6536-4ECF-BA58-EAFBE1A80782}.Debug|x86.Build.0 = Debug|x86
		{CE1920E5-6536-4ECF-BA58-EAFBE1A80782}.Debug|x86.Deploy.0 = Debug|x86
		{CE1920E5-6536-4ECF-BA58-EAFBE1A80782}.Release|ARM.ActiveCfg = Release|ARM
		{CE1920E5-6536-4ECF-BA58-EAFBE1A80782}.Release|ARM.Build.0 = Release|ARM
		{CE1920E5-6536-4ECF-BA58-EAFBE1A80782}.Release|ARM.Deploy.0 = Release|ARM
		{CE1920E5-6536-4ECF-BA58-EAFBE1A80782}.Release|ARM64.ActiveCfg = Release|ARM64
		{CE1920E5-6536-4ECF-BA58-EAFBE1A80782}.Release|ARM64.Build.0 = Release|ARM64
		{CE1920E5-6536-4ECF-BA58-EAFBE1A80782}.Release|ARM64.Deploy.0 = Release|ARM64
		{CE1920E5-6536-4ECF-BA58-EAFBE1A80782}.Release|x64.ActiveCfg = Release|x64
		{CE1920E5-6536-4ECF-BA58-EAFBE1A80782}.Release|x64.Build.0 = Release|x64
		{CE1920E5-6536-4ECF-BA58-EAFBE1A80782}.Release|x64.Deploy.0 = Release|x64
		{CE1920E5-6536-4ECF-BA58-EAFBE1A80782}.Release|x86.ActiveCfg = Release|x86
		{CE1920E5-6536-4ECF-BA58-EAFBE1A80782}.Release|x86.Build.0 = Release|x86
		{CE1920E5-6536-4ECF-BA58-EAFBE1A80782}.Release|x86.Deploy.0 = Release|x86
	EndGlobalSection
	GlobalSection(SolutionProperties) = preSolution
		HideSolutionNode = FALSE
	EndGlobalSection
	GlobalSection(NestedProjects) = preSolution
		{B2E33B1F-62E6-4F1B-BC82-6FA94593BCD7} = {22D5CE33-6DE7-479F-B491-9485371E53DE}
		{DB38FD8C-EC93-48BE-89ED-B9EFC2945228} = {22D5CE33-6DE7-479F-B491-9485371E53DE}
		{03763A55-4330-4A36-B70E-692539ED3379} = {22D5CE33-6DE7-479F-B491-9485371E53DE}
		{24B21857-5743-4559-9478-CFF5E4B2DB80} = {22D5CE33-6DE7-479F-B491-9485371E53DE}
		{D1BDED8F-71FE-41FE-83EC-F02C5369B1C5} = {22D5CE33-6DE7-479F-B491-9485371E53DE}
		{2979EF40-7877-457E-8CC4-C5FDF9A4A99F} = {B2E33B1F-62E6-4F1B-BC82-6FA94593BCD7}
		{04BE0BD8-17B1-4D81-889A-F4E3B571FB2D} = {DB38FD8C-EC93-48BE-89ED-B9EFC2945228}
		{DBD037D1-9616-4998-A65A-701F2CA78032} = {03763A55-4330-4A36-B70E-692539ED3379}
		{7E898021-43B2-407F-915A-39A838E840B0} = {03763A55-4330-4A36-B70E-692539ED3379}
		{31AAEAA9-3727-40FC-8883-57E9E55B2416} = {03763A55-4330-4A36-B70E-692539ED3379}
		{FCBCE2DA-D2B6-4623-90A9-7A2C595FE22A} = {03763A55-4330-4A36-B70E-692539ED3379}
		{D4FD617A-38BB-43E4-AEBD-4C69AD8940BD} = {24B21857-5743-4559-9478-CFF5E4B2DB80}
		{8FE9C057-21CF-4F20-8421-097CEE59BB01} = {24B21857-5743-4559-9478-CFF5E4B2DB80}
		{BAD15233-9452-403F-B6BB-E4ADF78A6CC4} = {24B21857-5743-4559-9478-CFF5E4B2DB80}
		{CE1920E5-6536-4ECF-BA58-EAFBE1A80782} = {D1BDED8F-71FE-41FE-83EC-F02C5369B1C5}
	EndGlobalSection
	GlobalSection(ExtensibilityGlobals) = postSolution
		SolutionGuid = {CA365F81-DFA8-445B-A248-A95A9AC91D13}
	EndGlobalSection
EndGlobal
